Microsoft Visual Studio Solution File, Format Version 12.00
# Visual Studio Version 17
VisualStudioVersion = 17.5.2.0
MinimumVisualStudioVersion = 10.0.40219.1
Project("{FAE04EC0-301F-11D3-BF4B-00C04F79EFBC}") = "TFG V0.01", "TFG V0.01.csproj", "{00B6CFCC-4927-C093-7F5A-EBBE906501ED}"
EndProject
Global
	GlobalSection(SolutionConfigurationPlatforms) = preSolution
		Debug|Any CPU = Debug|Any CPU
		Release|Any CPU = Release|Any CPU
	EndGlobalSection
	GlobalSection(ProjectConfigurationPlatforms) = postSolution
		{00B6CFCC-4927-C093-7F5A-EBBE906501ED}.Debug|Any CPU.ActiveCfg = Debug|Any CPU
		{00B6CFCC-4927-C093-7F5A-EBBE906501ED}.Debug|Any CPU.Build.0 = Debug|Any CPU
		{00B6CFCC-4927-C093-7F5A-EBBE906501ED}.Release|Any CPU.ActiveCfg = Release|Any CPU
		{00B6CFCC-4927-C093-7F5A-EBBE906501ED}.Release|Any CPU.Build.0 = Release|Any CPU
	EndGlobalSection
	GlobalSection(SolutionProperties) = preSolution
		HideSolutionNode = FALSE
	EndGlobalSection
	GlobalSection(ExtensibilityGlobals) = postSolution
		SolutionGuid = {59741C43-F4A1-4E4C-AF9D-38B28E81E762}
	EndGlobalSection
EndGlobal
